
Microsoft Visual Studio Solution File, Format Version 12.00
# Visual Studio Version 16
VisualStudioVersion = 16.0.33920.266
MinimumVisualStudioVersion = 10.0.40219.1
Project("{FAE04EC0-301F-11D3-BF4B-00C04F79EFBC}") = "T13__1", "T13__1.csproj", "{FBB90CF5-B419-4111-8F1D-6B94DBED3C09}"
EndProject
Global
	GlobalSection(SolutionConfigurationPlatforms) = preSolution
		Debug|Any CPU = Debug|Any CPU
		Release|Any CPU = Release|Any CPU
	EndGlobalSection
	GlobalSection(ProjectConfigurationPlatforms) = postSolution
		{FBB90CF5-B419-4111-8F1D-6B94DBED3C09}.Debug|Any CPU.ActiveCfg = Debug|Any CPU
		{FBB90CF5-B419-4111-8F1D-6B94DBED3C09}.Debug|Any CPU.Build.0 = Debug|Any CPU
		{FBB90CF5-B419-4111-8F1D-6B94DBED3C09}.Release|Any CPU.ActiveCfg = Release|Any CPU
		{FBB90CF5-B419-4111-8F1D-6B94DBED3C09}.Release|Any CPU.Build.0 = Release|Any CPU
	EndGlobalSection
	GlobalSection(SolutionProperties) = preSolution
		HideSolutionNode = FALSE
	EndGlobalSection
	GlobalSection(ExtensibilityGlobals) = postSolution
		SolutionGuid = {CAE6CD5F-067E-4165-AADF-75DA69ECC8B4}
	EndGlobalSection
EndGlobal
